{
  "pins" : [
    {
      "identity" : "capacitor-swift-pm",
      "kind" : "remoteSourceControl",
      "location" : "https://github.com/ionic-team/capacitor-swift-pm.git",
      "state" : {
        "revision" : "145cf37b8e3b240efef3d2d8a7262e621f08bb6f",
        "version" : "7.4.4"
      }
    },
    {
      "identity" : "ion-ios-filetransfer",
      "kind" : "remoteSourceControl",
      "location" : "https://github.com/ionic-team/ion-ios-filetransfer.git",
      "state" : {
        "revision" : "e2639d755c1d3871124024a141a1fccaa01d467c",
        "version" : "1.0.1"
      }
    },
    {
      "identity" : "ion-ios-fileviewer",
      "kind" : "remoteSourceControl",
      "location" : "https://github.com/ionic-team/ion-ios-fileviewer.git",
      "state" : {
        "revision" : "e00a7f5ede0da6054d36b9913495ad18e887f5ab",
        "version" : "1.0.3"
      }
    },
    {
      "identity" : "osbarcodelib-ios",
      "kind" : "remoteSourceControl",
      "location" : "https://github.com/OutSystems/OSBarcodeLib-iOS.git",
      "state" : {
        "revision" : "fa51b49cf43ee227b02b371db83c8cb2e2cf8b55",
        "version" : "2.1.0"
      }
    }
  ],
  "version" : 2
}
